// !$*UTF8*$!
{
	archiveVersion = 1;
	classes = {
	};
	objectVersion = 46;
	objects = {

/* Begin PBXBuildFile section */
		740A57421E96BF080083F9D3 /* LoadingCell.xib in Resources */ = {isa = PBXBuildFile; fileRef = 740A57411E96BF080083F9D3 /* LoadingCell.xib */; };
		745A6D101E9446450004FF5A /* AppDelegate.swift in Sources */ = {isa = PBXBuildFile; fileRef = 745A6D0F1E9446450004FF5A /* AppDelegate.swift */; };
		745A6D121E9446450004FF5A /* SearchViewController.swift in Sources */ = {isa = PBXBuildFile; fileRef = 745A6D111E9446450004FF5A /* SearchViewController.swift */; };
		745A6D151E9446450004FF5A /* Main.storyboard in Resources */ = {isa = PBXBuildFile; fileRef = 745A6D131E9446450004FF5A /* Main.storyboard */; };
		745A6D171E9446450004FF5A /* Assets.xcassets in Resources */ = {isa = PBXBuildFile; fileRef = 745A6D161E9446450004FF5A /* Assets.xcassets */; };
		745A6D1A1E9446450004FF5A /* LaunchScreen.storyboard in Resources */ = {isa = PBXBuildFile; fileRef = 745A6D181E9446450004FF5A /* LaunchScreen.storyboard */; };
		746D6F8B1E949AEF001E2E51 /* SearchResult.swift in Sources */ = {isa = PBXBuildFile; fileRef = 746D6F8A1E949AEF001E2E51 /* SearchResult.swift */; };
		746D6F8D1E94A190001E2E51 /* SearchResultCell.xib in Resources */ = {isa = PBXBuildFile; fileRef = 746D6F8C1E94A190001E2E51 /* SearchResultCell.xib */; };
		746D6F8F1E94A6C9001E2E51 /* SearchResultCell.swift in Sources */ = {isa = PBXBuildFile; fileRef = 746D6F8E1E94A6C9001E2E51 /* SearchResultCell.swift */; };
		746D6F911E94AA4D001E2E51 /* NothingFoundCell.xib in Resources */ = {isa = PBXBuildFile; fileRef = 746D6F901E94AA4D001E2E51 /* NothingFoundCell.xib */; };
/* End PBXBuildFile section */

/* Begin PBXFileReference section */
		740A57411E96BF080083F9D3 /* LoadingCell.xib */ = {isa = PBXFileReference; fileEncoding = 4; lastKnownFileType = file.xib; path = LoadingCell.xib; sourceTree = "<group>"; };
		745A6D0C1E9446450004FF5A /* StoreSearch.app */ = {isa = PBXFileReference; explicitFileType = wrapper.application; includeInIndex = 0; path = StoreSearch.app; sourceTree = BUILT_PRODUCTS_DIR; };
		745A6D0F1E9446450004FF5A /* AppDelegate.swift */ = {isa = PBXFileReference; lastKnownFileType = sourcecode.swift; path = AppDelegate.swift; sourceTree = "<group>"; };
		745A6D111E9446450004FF5A /* SearchViewController.swift */ = {isa = PBXFileReference; lastKnownFileType = sourcecode.swift; path = SearchViewController.swift; sourceTree = "<group>"; };
		745A6D141E9446450004FF5A /* Base */ = {isa = PBXFileReference; lastKnownFileType = file.storyboard; name = Base; path = Base.lproj/Main.storyboard; sourceTree = "<group>"; };
		745A6D161E9446450004FF5A /* Assets.xcassets */ = {isa = PBXFileReference; lastKnownFileType = folder.assetcatalog; path = Assets.xcassets; sourceTree = "<group>"; };
		745A6D191E9446450004FF5A /* Base */ = {isa = PBXFileReference; lastKnownFileType = file.storyboard; name = Base; path = Base.lproj/LaunchScreen.storyboard; sourceTree = "<group>"; };
		745A6D1B1E9446450004FF5A /* Info.plist */ = {isa = PBXFileReference; lastKnownFileType = text.plist.xml; path = Info.plist; sourceTree = "<group>"; };
		746D6F8A1E949AEF001E2E51 /* SearchResult.swift */ = {isa = PBXFileReference; fileEncoding = 4; lastKnownFileType = sourcecode.swift; path = SearchResult.swift; sourceTree = "<group>"; };
		746D6F8C1E94A190001E2E51 /* SearchResultCell.xib */ = {isa = PBXFileReference; fileEncoding = 4; lastKnownFileType = file.xib; path = SearchResultCell.xib; sourceTree = "<group>"; };
		746D6F8E1E94A6C9001E2E51 /* SearchResultCell.swift */ = {isa = PBXFileReference; fileEncoding = 4; lastKnownFileType = sourcecode.swift; path = SearchResultCell.swift; sourceTree = "<group>"; };
		746D6F901E94AA4D001E2E51 /* NothingFoundCell.xib */ = {isa = PBXFileReference; fileEncoding = 4; lastKnownFileType = file.xib; path = NothingFoundCell.xib; sourceTree = "<group>"; };
/* End PBXFileReference section */

/* Begin PBXFrameworksBuildPhase section */
		745A6D091E9446440004FF5A /* Frameworks */ = {
			isa = PBXFrameworksBuildPhase;
			buildActionMask = 2147483647;
			files = (
			);
			runOnlyForDeploymentPostprocessing = 0;
		};
/* End PBXFrameworksBuildPhase section */

/* Begin PBXGroup section */
		745A6D031E9446440004FF5A = {
			isa = PBXGroup;
			children = (
				745A6D0E1E9446450004FF5A /* StoreSearch */,
				745A6D0D1E9446450004FF5A /* Products */,
			);
			sourceTree = "<group>";
		};
		745A6D0D1E9446450004FF5A /* Products */ = {
			isa = PBXGroup;
			children = (
				745A6D0C1E9446450004FF5A /* StoreSearch.app */,
			);
			name = Products;
			sourceTree = "<group>";
		};
		745A6D0E1E9446450004FF5A /* StoreSearch */ = {
			isa = PBXGroup;
			children = (
				745A6D0F1E9446450004FF5A /* AppDelegate.swift */,
				745A6D111E9446450004FF5A /* SearchViewController.swift */,
				745A6D131E9446450004FF5A /* Main.storyboard */,
				745A6D161E9446450004FF5A /* Assets.xcassets */,
				745A6D181E9446450004FF5A /* LaunchScreen.storyboard */,
				745A6D1B1E9446450004FF5A /* Info.plist */,
				746D6F8A1E949AEF001E2E51 /* SearchResult.swift */,
				746D6F8C1E94A190001E2E51 /* SearchResultCell.xib */,
				746D6F8E1E94A6C9001E2E51 /* SearchResultCell.swift */,
				746D6F901E94AA4D001E2E51 /* NothingFoundCell.xib */,
				740A57411E96BF080083F9D3 /* LoadingCell.xib */,
			);
			path = StoreSearch;
			sourceTree = "<group>";
		};
/* End PBXGroup section */

/* Begin PBXNativeTarget section */
		745A6D0B1E9446440004FF5A /* StoreSearch */ = {
			isa = PBXNativeTarget;
			buildConfigurationList = 745A6D1E1E9446450004FF5A /* Build configuration list for PBXNativeTarget "StoreSearch" */;
			buildPhases = (
				745A6D081E9446440004FF5A /* Sources */,
				745A6D091E9446440004FF5A /* Frameworks */,
				745A6D0A1E9446440004FF5A /* Resources */,
			);
			buildRules = (
			);
			dependencies = (
			);
			name = StoreSearch;
			productName = StoreSearch;
			productReference = 745A6D0C1E9446450004FF5A /* StoreSearch.app */;
			productType = "com.apple.product-type.application";
		};
/* End PBXNativeTarget section */

/* Begin PBXProject section */
		745A6D041E9446440004FF5A /* Project object */ = {
			isa = PBXProject;
			attributes = {
				LastSwiftUpdateCheck = 0820;
				LastUpgradeCheck = 0820;
				ORGANIZATIONNAME = Swiftbeard;
				TargetAttributes = {
					745A6D0B1E9446440004FF5A = {
						CreatedOnToolsVersion = 8.2.1;
						DevelopmentTeam = BXEL354SU6;
						ProvisioningStyle = Automatic;
					};
				};
			};
			buildConfigurationList = 745A6D071E9446440004FF5A /* Build configuration list for PBXProject "StoreSearch" */;
			compatibilityVersion = "Xcode 3.2";
			developmentRegion = English;
			hasScannedForEncodings = 0;
			knownRegions = (
				en,
				Base,
			);
			mainGroup = 745A6D031E9446440004FF5A;
			productRefGroup = 745A6D0D1E9446450004FF5A /* Products */;
			projectDirPath = "";
			projectRoot = "";
			targets = (
				745A6D0B1E9446440004FF5A /* StoreSearch */,
			);
		};
/* End PBXProject section */

/* Begin PBXResourcesBuildPhase section */
		745A6D0A1E9446440004FF5A /* Resources */ = {
			isa = PBXResourcesBuildPhase;
			buildActionMask = 2147483647;
			files = (
				745A6D1A1E9446450004FF5A /* LaunchScreen.storyboard in Resources */,
				745A6D171E9446450004FF5A /* Assets.xcassets in Resources */,
				740A57421E96BF080083F9D3 /* LoadingCell.xib in Resources */,
				746D6F8D1E94A190001E2E51 /* SearchResultCell.xib in Resources */,
				746D6F911E94AA4D001E2E51 /* NothingFoundCell.xib in Resources */,
				745A6D151E9446450004FF5A /* Main.storyboard in Resources */,
			);
			runOnlyForDeploymentPostprocessing = 0;
		};
/* End PBXResourcesBuildPhase section */

/* Begin PBXSourcesBuildPhase section */
		745A6D081E9446440004FF5A /* Sources */ = {
			isa = PBXSourcesBuildPhase;
			buildActionMask = 2147483647;
			files = (
				745A6D121E9446450004FF5A /* SearchViewController.swift in Sources */,
				746D6F8B1E949AEF001E2E51 /* SearchResult.swift in Sources */,
				746D6F8F1E94A6C9001E2E51 /* SearchResultCell.swift in Sources */,
				745A6D101E9446450004FF5A /* AppDelegate.swift in Sources */,
			);
			runOnlyForDeploymentPostprocessing = 0;
		};
/* End PBXSourcesBuildPhase section */

/* Begin PBXVariantGroup section */
		745A6D131E9446450004FF5A /* Main.storyboard */ = {
			isa = PBXVariantGroup;
			children = (
				745A6D141E9446450004FF5A /* Base */,
			);
			name = Main.storyboard;
			sourceTree = "<group>";
		};
		745A6D181E9446450004FF5A /* LaunchScreen.storyboard */ = {
			isa = PBXVariantGroup;
			children = (
				745A6D191E9446450004FF5A /* Base */,
			);
			name = LaunchScreen.storyboard;
			sourceTree = "<group>";
		};
/* End PBXVariantGroup section */

/* Begin XCBuildConfiguration section */
		745A6D1C1E9446450004FF5A /* Debug */ = {
			isa = XCBuildConfiguration;
			buildSettings = {
				ALWAYS_SEARCH_USER_PATHS = NO;
				CLANG_ANALYZER_NONNULL = YES;
				CLANG_CXX_LANGUAGE_STANDARD = "gnu++0x";
				CLANG_CXX_LIBRARY = "libc++";
				CLANG_ENABLE_MODULES = YES;
				CLANG_ENABLE_OBJC_ARC = YES;
				CLANG_WARN_BOOL_CONVERSION = YES;
				CLANG_WARN_CONSTANT_CONVERSION = YES;
				CLANG_WARN_DIRECT_OBJC_ISA_USAGE = YES_ERROR;
				CLANG_WARN_DOCUMENTATION_COMMENTS = YES;
				CLANG_WARN_EMPTY_BODY = YES;
				CLANG_WARN_ENUM_CONVERSION = YES;
				CLANG_WARN_INFINITE_RECURSION = YES;
				CLANG_WARN_INT_CONVERSION = YES;
				CLANG_WARN_OBJC_ROOT_CLASS = YES_ERROR;
				CLANG_WARN_SUSPICIOUS_MOVE = YES;
				CLANG_WARN_UNREACHABLE_CODE = YES;
				CLANG_WARN__DUPLICATE_METHOD_MATCH = YES;
				"CODE_SIGN_IDENTITY[sdk=iphoneos*]" = "iPhone Developer";
				COPY_PHASE_STRIP = NO;
				DEBUG_INFORMATION_FORMAT = dwarf;
				ENABLE_STRICT_OBJC_MSGSEND = YES;
				ENABLE_TESTABILITY = YES;
				GCC_C_LANGUAGE_STANDARD = gnu99;
				GCC_DYNAMIC_NO_PIC = NO;
				GCC_NO_COMMON_BLOCKS = YES;
				GCC_OPTIMIZATION_LEVEL = 0;
				GCC_PREPROCESSOR_DEFINITIONS = (
					"DEBUG=1",
					"$(inherited)",
				);
				GCC_WARN_64_TO_32_BIT_CONVERSION = YES;
				GCC_WARN_ABOUT_RETURN_TYPE = YES_ERROR;
				GCC_WARN_UNDECLARED_SELECTOR = YES;
				GCC_WARN_UNINITIALIZED_AUTOS = YES_AGGRESSIVE;
				GCC_WARN_UNUSED_FUNCTION = YES;
				GCC_WARN_UNUSED_VARIABLE = YES;
				IPHONEOS_DEPLOYMENT_TARGET = 10.2;
				MTL_ENABLE_DEBUG_INFO = YES;
				ONLY_ACTIVE_ARCH = YES;
				SDKROOT = iphoneos;
				SWIFT_ACTIVE_COMPILATION_CONDITIONS = DEBUG;
				SWIFT_OPTIMIZATION_LEVEL = "-Onone";
				TARGETED_DEVICE_FAMILY = "1,2";
			};
			name = Debug;
		};
		745A6D1D1E9446450004FF5A /* Release */ = {
			isa = XCBuildConfiguration;
			buildSettings = {
				ALWAYS_SEARCH_USER_PATHS = NO;
				CLANG_ANALYZER_NONNULL = YES;
				CLANG_CXX_LANGUAGE_STANDARD = "gnu++0x";
				CLANG_CXX_LIBRARY = "libc++";
				CLANG_ENABLE_MODULES = YES;
				CLANG_ENABLE_OBJC_ARC = YES;
				CLANG_WARN_BOOL_CONVERSION = YES;
				CLANG_WARN_CONSTANT_CONVERSION = YES;
				CLANG_WARN_DIRECT_OBJC_ISA_USAGE = YES_ERROR;
				CLANG_WARN_DOCUMENTATION_COMMENTS = YES;
				CLANG_WARN_EMPTY_BODY = YES;
				CLANG_WARN_ENUM_CONVERSION = YES;
				CLANG_WARN_INFINITE_RECURSION = YES;
				CLANG_WARN_INT_CONVERSION = YES;
				CLANG_WARN_OBJC_ROOT_CLASS = YES_ERROR;
				CLANG_WARN_SUSPICIOUS_MOVE = YES;
				CLANG_WARN_UNREACHABLE_CODE = YES;
				CLANG_WARN__DUPLICATE_METHOD_MATCH = YES;
				"CODE_SIGN_IDENTITY[sdk=iphoneos*]" = "iPhone Developer";
				COPY_PHASE_STRIP = NO;
				DEBUG_INFORMATION_FORMAT = "dwarf-with-dsym";
				ENABLE_NS_ASSERTIONS = NO;
				ENABLE_STRICT_OBJC_MSGSEND = YES;
				GCC_C_LANGUAGE_STANDARD = gnu99;
				GCC_NO_COMMON_BLOCKS = YES;
				GCC_WARN_64_TO_32_BIT_CONVERSION = YES;
				GCC_WARN_ABOUT_RETURN_TYPE = YES_ERROR;
				GCC_WARN_UNDECLARED_SELECTOR = YES;
				GCC_WARN_UNINITIALIZED_AUTOS = YES_AGGRESSIVE;
				GCC_WARN_UNUSED_FUNCTION = YES;
				GCC_WARN_UNUSED_VARIABLE = YES;
				IPHONEOS_DEPLOYMENT_TARGET = 10.2;
				MTL_ENABLE_DEBUG_INFO = NO;
				SDKROOT = iphoneos;
				SWIFT_OPTIMIZATION_LEVEL = "-Owholemodule";
				TARGETED_DEVICE_FAMILY = "1,2";
				VALIDATE_PRODUCT = YES;
			};
			name = Release;
		};
		745A6D1F1E9446450004FF5A /* Debug */ = {
			isa = XCBuildConfiguration;
			buildSettings = {
				ASSETCATALOG_COMPILER_APPICON_NAME = AppIcon;
				DEVELOPMENT_TEAM = BXEL354SU6;
				INFOPLIST_FILE = StoreSearch/Info.plist;
				LD_RUNPATH_SEARCH_PATHS = "$(inherited) @executable_path/Frameworks";
				PRODUCT_BUNDLE_IDENTIFIER = com.swiftbeard.StoreSearch;
				PRODUCT_NAME = "$(TARGET_NAME)";
				SWIFT_VERSION = 3.0;
			};
			name = Debug;
		};
		745A6D201E9446450004FF5A /* Release */ = {
			isa = XCBuildConfiguration;
			buildSettings = {
				ASSETCATALOG_COMPILER_APPICON_NAME = AppIcon;
				DEVELOPMENT_TEAM = BXEL354SU6;
				INFOPLIST_FILE = StoreSearch/Info.plist;
				LD_RUNPATH_SEARCH_PATHS = "$(inherited) @executable_path/Frameworks";
				PRODUCT_BUNDLE_IDENTIFIER = com.swiftbeard.StoreSearch;
				PRODUCT_NAME = "$(TARGET_NAME)";
				SWIFT_VERSION = 3.0;
			};
			name = Release;
		};
/* End XCBuildConfiguration section */

/* Begin XCConfigurationList section */
		745A6D071E9446440004FF5A /* Build configuration list for PBXProject "StoreSearch" */ = {
			isa = XCConfigurationList;
			buildConfigurations = (
				745A6D1C1E9446450004FF5A /* Debug */,
				745A6D1D1E9446450004FF5A /* Release */,
			);
			defaultConfigurationIsVisible = 0;
			defaultConfigurationName = Release;
		};
		745A6D1E1E9446450004FF5A /* Build configuration list for PBXNativeTarget "StoreSearch" */ = {
			isa = XCConfigurationList;
			buildConfigurations = (
				745A6D1F1E9446450004FF5A /* Debug */,
				745A6D201E9446450004FF5A /* Release */,
			);
			defaultConfigurationIsVisible = 0;
			defaultConfigurationName = Release;
		};
/* End XCConfigurationList section */
	};
	rootObject = 745A6D041E9446440004FF5A /* Project object */;
}
